
Microsoft Visual Studio Solution File, Format Version 11.00
# Visual Studio 2010
Project("{FAE04EC0-301F-11D3-BF4B-00C04F79EFBC}") = "Assembly-CSharp", "Assembly-CSharp.csproj", "{95D49E19-CC72-0516-D525-D5BBC0C846C5}"
EndProject
Project("{FAE04EC0-301F-11D3-BF4B-00C04F79EFBC}") = "VuforiaScripts", "VuforiaScripts.csproj", "{03BD5283-729E-B027-8FB3-BC8AE9436AD9}"
EndProject
Project("{FAE04EC0-301F-11D3-BF4B-00C04F79EFBC}") = "VuforiaEditorScripts", "VuforiaEditorScripts.csproj", "{DE6F162D-D763-AA21-AA26-B862CCB0437A}"
EndProject
Global
	GlobalSection(SolutionConfigurationPlatforms) = preSolution
		Debug|Any CPU = Debug|Any CPU
		Release|Any CPU = Release|Any CPU
	EndGlobalSection
	GlobalSection(ProjectConfigurationPlatforms) = postSolution
		{95D49E19-CC72-0516-D525-D5BBC0C846C5}.Debug|Any CPU.ActiveCfg = Debug|Any CPU
		{95D49E19-CC72-0516-D525-D5BBC0C846C5}.Debug|Any CPU.Build.0 = Debug|Any CPU
		{95D49E19-CC72-0516-D525-D5BBC0C846C5}.Release|Any CPU.ActiveCfg = Release|Any CPU
		{95D49E19-CC72-0516-D525-D5BBC0C846C5}.Release|Any CPU.Build.0 = Release|Any CPU
		{03BD5283-729E-B027-8FB3-BC8AE9436AD9}.Debug|Any CPU.ActiveCfg = Debug|Any CPU
		{03BD5283-729E-B027-8FB3-BC8AE9436AD9}.Debug|Any CPU.Build.0 = Debug|Any CPU
		{03BD5283-729E-B027-8FB3-BC8AE9436AD9}.Release|Any CPU.ActiveCfg = Release|Any CPU
		{03BD5283-729E-B027-8FB3-BC8AE9436AD9}.Release|Any CPU.Build.0 = Release|Any CPU
		{DE6F162D-D763-AA21-AA26-B862CCB0437A}.Debug|Any CPU.ActiveCfg = Debug|Any CPU
		{DE6F162D-D763-AA21-AA26-B862CCB0437A}.Debug|Any CPU.Build.0 = Debug|Any CPU
		{DE6F162D-D763-AA21-AA26-B862CCB0437A}.Release|Any CPU.ActiveCfg = Release|Any CPU
		{DE6F162D-D763-AA21-AA26-B862CCB0437A}.Release|Any CPU.Build.0 = Release|Any CPU
	EndGlobalSection
	GlobalSection(SolutionProperties) = preSolution
		HideSolutionNode = FALSE
	EndGlobalSection
EndGlobal
